// !$*UTF8*$!
{
	archiveVersion = 1;
	classes = {
	};
	objectVersion = 45;
	objects = {

/* Begin PBXBuildFile section */
		8D11072F0486CEB800E47090 /* Cocoa.framework in Frameworks */ = {isa = PBXBuildFile; fileRef = 1058C7A1FEA54F0111CA2CBB /* Cocoa.framework */; };
		EE404996141F784C00BD70A1 /* main.m in Sources */ = {isa = PBXBuildFile; fileRef = EE404990141F784C00BD70A1 /* main.m */; };
		EE404997141F784C00BD70A1 /* MovieMaker.m in Sources */ = {isa = PBXBuildFile; fileRef = EE404992141F784C00BD70A1 /* MovieMaker.m */; };
		EE404998141F784C00BD70A1 /* TimelapserAppDelegate.m in Sources */ = {isa = PBXBuildFile; fileRef = EE404995141F784C00BD70A1 /* TimelapserAppDelegate.m */; };
		EE4049A0141F787C00BD70A1 /* InfoPlist.strings in Resources */ = {isa = PBXBuildFile; fileRef = EE40499A141F787C00BD70A1 /* InfoPlist.strings */; };
		EE4049A1141F787C00BD70A1 /* MainMenu.xib in Resources */ = {isa = PBXBuildFile; fileRef = EE40499C141F787C00BD70A1 /* MainMenu.xib */; };
		EE4049A2141F787C00BD70A1 /* icon.icns in Resources */ = {isa = PBXBuildFile; fileRef = EE40499E141F787C00BD70A1 /* icon.icns */; };
		EE4049A3141F787C00BD70A1 /* timelapser200.png in Resources */ = {isa = PBXBuildFile; fileRef = EE40499F141F787C00BD70A1 /* timelapser200.png */; };
		EEA577D414168F7100EB8AE7 /* Quartz.framework in Frameworks */ = {isa = PBXBuildFile; fileRef = EEA577D314168F7100EB8AE7 /* Quartz.framework */; };
		EEA577D614168F7100EB8AE7 /* QuartzCore.framework in Frameworks */ = {isa = PBXBuildFile; fileRef = EEA577D514168F7100EB8AE7 /* QuartzCore.framework */; };
		EEA578AC1416A6D500EB8AE7 /* QTKit.framework in Frameworks */ = {isa = PBXBuildFile; fileRef = EEA578AB1416A6D500EB8AE7 /* QTKit.framework */; };
/* End PBXBuildFile section */

/* Begin PBXFileReference section */
		1058C7A1FEA54F0111CA2CBB /* Cocoa.framework */ = {isa = PBXFileReference; lastKnownFileType = wrapper.framework; name = Cocoa.framework; path = /System/Library/Frameworks/Cocoa.framework; sourceTree = "<absolute>"; };
		13E42FB307B3F0F600E4EEF1 /* CoreData.framework */ = {isa = PBXFileReference; lastKnownFileType = wrapper.framework; name = CoreData.framework; path = /System/Library/Frameworks/CoreData.framework; sourceTree = "<absolute>"; };
		29B97324FDCFA39411CA2CEA /* AppKit.framework */ = {isa = PBXFileReference; lastKnownFileType = wrapper.framework; name = AppKit.framework; path = /System/Library/Frameworks/AppKit.framework; sourceTree = "<absolute>"; };
		29B97325FDCFA39411CA2CEA /* Foundation.framework */ = {isa = PBXFileReference; lastKnownFileType = wrapper.framework; name = Foundation.framework; path = /System/Library/Frameworks/Foundation.framework; sourceTree = "<absolute>"; };
		8D1107310486CEB800E47090 /* Timelapser-Info.plist */ = {isa = PBXFileReference; fileEncoding = 4; lastKnownFileType = text.plist.xml; path = "Timelapser-Info.plist"; sourceTree = "<group>"; };
		8D1107320486CEB800E47090 /* Timelapser.app */ = {isa = PBXFileReference; explicitFileType = wrapper.application; includeInIndex = 0; path = Timelapser.app; sourceTree = BUILT_PRODUCTS_DIR; };
		EE404990141F784C00BD70A1 /* main.m */ = {isa = PBXFileReference; fileEncoding = 4; lastKnownFileType = sourcecode.c.objc; name = main.m; path = src/main.m; sourceTree = "<group>"; };
		EE404991141F784C00BD70A1 /* MovieMaker.h */ = {isa = PBXFileReference; fileEncoding = 4; lastKnownFileType = sourcecode.c.h; name = MovieMaker.h; path = src/MovieMaker.h; sourceTree = "<group>"; };
		EE404992141F784C00BD70A1 /* MovieMaker.m */ = {isa = PBXFileReference; fileEncoding = 4; lastKnownFileType = sourcecode.c.objc; name = MovieMaker.m; path = src/MovieMaker.m; sourceTree = "<group>"; };
		EE404993141F784C00BD70A1 /* Timelapser_Prefix.pch */ = {isa = PBXFileReference; fileEncoding = 4; lastKnownFileType = sourcecode.c.h; name = Timelapser_Prefix.pch; path = src/Timelapser_Prefix.pch; sourceTree = "<group>"; };
		EE404994141F784C00BD70A1 /* TimelapserAppDelegate.h */ = {isa = PBXFileReference; fileEncoding = 4; lastKnownFileType = sourcecode.c.h; name = TimelapserAppDelegate.h; path = src/TimelapserAppDelegate.h; sourceTree = "<group>"; };
		EE404995141F784C00BD70A1 /* TimelapserAppDelegate.m */ = {isa = PBXFileReference; fileEncoding = 4; lastKnownFileType = sourcecode.c.objc; name = TimelapserAppDelegate.m; path = src/TimelapserAppDelegate.m; sourceTree = "<group>"; };
		EE40499B141F787C00BD70A1 /* English */ = {isa = PBXFileReference; fileEncoding = 4; lastKnownFileType = text.plist.strings; name = English; path = InfoPlist.strings; sourceTree = "<group>"; };
		EE40499D141F787C00BD70A1 /* English */ = {isa = PBXFileReference; lastKnownFileType = file.xib; name = English; path = MainMenu.xib; sourceTree = "<group>"; };
		EE40499E141F787C00BD70A1 /* icon.icns */ = {isa = PBXFileReference; lastKnownFileType = image.icns; name = icon.icns; path = resources/icon.icns; sourceTree = "<group>"; };
		EE40499F141F787C00BD70A1 /* timelapser200.png */ = {isa = PBXFileReference; lastKnownFileType = image.png; name = timelapser200.png; path = resources/timelapser200.png; sourceTree = "<group>"; };
		EEA577D314168F7100EB8AE7 /* Quartz.framework */ = {isa = PBXFileReference; lastKnownFileType = wrapper.framework; name = Quartz.framework; path = /System/Library/Frameworks/Quartz.framework; sourceTree = "<absolute>"; };
		EEA577D514168F7100EB8AE7 /* QuartzCore.framework */ = {isa = PBXFileReference; lastKnownFileType = wrapper.framework; name = QuartzCore.framework; path = /System/Library/Frameworks/QuartzCore.framework; sourceTree = "<absolute>"; };
		EEA578AB1416A6D500EB8AE7 /* QTKit.framework */ = {isa = PBXFileReference; lastKnownFileType = wrapper.framework; name = QTKit.framework; path = /System/Library/Frameworks/QTKit.framework; sourceTree = "<absolute>"; };
/* End PBXFileReference section */

/* Begin PBXFrameworksBuildPhase section */
		8D11072E0486CEB800E47090 /* Frameworks */ = {
			isa = PBXFrameworksBuildPhase;
			buildActionMask = 2147483647;
			files = (
				8D11072F0486CEB800E47090 /* Cocoa.framework in Frameworks */,
				EEA577D414168F7100EB8AE7 /* Quartz.framework in Frameworks */,
				EEA577D614168F7100EB8AE7 /* QuartzCore.framework in Frameworks */,
				EEA578AC1416A6D500EB8AE7 /* QTKit.framework in Frameworks */,
			);
			runOnlyForDeploymentPostprocessing = 0;
		};
/* End PBXFrameworksBuildPhase section */

/* Begin PBXGroup section */
		080E96DDFE201D6D7F000001 /* Classes */ = {
			isa = PBXGroup;
			children = (
				EE404994141F784C00BD70A1 /* TimelapserAppDelegate.h */,
				EE404995141F784C00BD70A1 /* TimelapserAppDelegate.m */,
				EE404991141F784C00BD70A1 /* MovieMaker.h */,
				EE404992141F784C00BD70A1 /* MovieMaker.m */,
			);
			name = Classes;
			sourceTree = "<group>";
		};
		1058C7A0FEA54F0111CA2CBB /* Linked Frameworks */ = {
			isa = PBXGroup;
			children = (
				EEA577D314168F7100EB8AE7 /* Quartz.framework */,
				EEA577D514168F7100EB8AE7 /* QuartzCore.framework */,
				1058C7A1FEA54F0111CA2CBB /* Cocoa.framework */,
			);
			name = "Linked Frameworks";
			sourceTree = "<group>";
		};
		1058C7A2FEA54F0111CA2CBB /* Other Frameworks */ = {
			isa = PBXGroup;
			children = (
				29B97324FDCFA39411CA2CEA /* AppKit.framework */,
				13E42FB307B3F0F600E4EEF1 /* CoreData.framework */,
				29B97325FDCFA39411CA2CEA /* Foundation.framework */,
			);
			name = "Other Frameworks";
			sourceTree = "<group>";
		};
		19C28FACFE9D520D11CA2CBB /* Products */ = {
			isa = PBXGroup;
			children = (
				8D1107320486CEB800E47090 /* Timelapser.app */,
			);
			name = Products;
			sourceTree = "<group>";
		};
		29B97314FDCFA39411CA2CEA /* Timelapser */ = {
			isa = PBXGroup;
			children = (
				080E96DDFE201D6D7F000001 /* Classes */,
				29B97315FDCFA39411CA2CEA /* Other Sources */,
				29B97317FDCFA39411CA2CEA /* Resources */,
				29B97323FDCFA39411CA2CEA /* Frameworks */,
				19C28FACFE9D520D11CA2CBB /* Products */,
				EEA578AB1416A6D500EB8AE7 /* QTKit.framework */,
			);
			name = Timelapser;
			sourceTree = "<group>";
		};
		29B97315FDCFA39411CA2CEA /* Other Sources */ = {
			isa = PBXGroup;
			children = (
				EE404990141F784C00BD70A1 /* main.m */,
				EE404993141F784C00BD70A1 /* Timelapser_Prefix.pch */,
			);
			name = "Other Sources";
			sourceTree = "<group>";
		};
		29B97317FDCFA39411CA2CEA /* Resources */ = {
			isa = PBXGroup;
			children = (
				EE40499A141F787C00BD70A1 /* InfoPlist.strings */,
				EE40499C141F787C00BD70A1 /* MainMenu.xib */,
				EE40499E141F787C00BD70A1 /* icon.icns */,
				EE40499F141F787C00BD70A1 /* timelapser200.png */,
				8D1107310486CEB800E47090 /* Timelapser-Info.plist */,
			);
			name = Resources;
			sourceTree = "<group>";
		};
		29B97323FDCFA39411CA2CEA /* Frameworks */ = {
			isa = PBXGroup;
			children = (
				1058C7A0FEA54F0111CA2CBB /* Linked Frameworks */,
				1058C7A2FEA54F0111CA2CBB /* Other Frameworks */,
			);
			name = Frameworks;
			sourceTree = "<group>";
		};
/* End PBXGroup section */

/* Begin PBXNativeTarget section */
		8D1107260486CEB800E47090 /* Timelapser */ = {
			isa = PBXNativeTarget;
			buildConfigurationList = C01FCF4A08A954540054247B /* Build configuration list for PBXNativeTarget "Timelapser" */;
			buildPhases = (
				8D1107290486CEB800E47090 /* Resources */,
				8D11072C0486CEB800E47090 /* Sources */,
				8D11072E0486CEB800E47090 /* Frameworks */,
			);
			buildRules = (
			);
			dependencies = (
			);
			name = Timelapser;
			productInstallPath = "$(HOME)/Applications";
			productName = Timelapser;
			productReference = 8D1107320486CEB800E47090 /* Timelapser.app */;
			productType = "com.apple.product-type.application";
		};
/* End PBXNativeTarget section */

/* Begin PBXProject section */
		29B97313FDCFA39411CA2CEA /* Project object */ = {
			isa = PBXProject;
			buildConfigurationList = C01FCF4E08A954540054247B /* Build configuration list for PBXProject "Timelapser" */;
			compatibilityVersion = "Xcode 3.1";
			hasScannedForEncodings = 1;
			mainGroup = 29B97314FDCFA39411CA2CEA /* Timelapser */;
			projectDirPath = "";
			projectRoot = "";
			targets = (
				8D1107260486CEB800E47090 /* Timelapser */,
			);
		};
/* End PBXProject section */

/* Begin PBXResourcesBuildPhase section */
		8D1107290486CEB800E47090 /* Resources */ = {
			isa = PBXResourcesBuildPhase;
			buildActionMask = 2147483647;
			files = (
				EE4049A0141F787C00BD70A1 /* InfoPlist.strings in Resources */,
				EE4049A1141F787C00BD70A1 /* MainMenu.xib in Resources */,
				EE4049A2141F787C00BD70A1 /* icon.icns in Resources */,
				EE4049A3141F787C00BD70A1 /* timelapser200.png in Resources */,
			);
			runOnlyForDeploymentPostprocessing = 0;
		};
/* End PBXResourcesBuildPhase section */

/* Begin PBXSourcesBuildPhase section */
		8D11072C0486CEB800E47090 /* Sources */ = {
			isa = PBXSourcesBuildPhase;
			buildActionMask = 2147483647;
			files = (
				EE404996141F784C00BD70A1 /* main.m in Sources */,
				EE404997141F784C00BD70A1 /* MovieMaker.m in Sources */,
				EE404998141F784C00BD70A1 /* TimelapserAppDelegate.m in Sources */,
			);
			runOnlyForDeploymentPostprocessing = 0;
		};
/* End PBXSourcesBuildPhase section */

/* Begin PBXVariantGroup section */
		EE40499A141F787C00BD70A1 /* InfoPlist.strings */ = {
			isa = PBXVariantGroup;
			children = (
				EE40499B141F787C00BD70A1 /* English */,
			);
			name = InfoPlist.strings;
			path = resources/English.lproj;
			sourceTree = "<group>";
		};
		EE40499C141F787C00BD70A1 /* MainMenu.xib */ = {
			isa = PBXVariantGroup;
			children = (
				EE40499D141F787C00BD70A1 /* English */,
			);
			name = MainMenu.xib;
			path = resources/English.lproj;
			sourceTree = "<group>";
		};
/* End PBXVariantGroup section */

/* Begin XCBuildConfiguration section */
		C01FCF4B08A954540054247B /* Debug */ = {
			isa = XCBuildConfiguration;
			buildSettings = {
				ALWAYS_SEARCH_USER_PATHS = NO;
				COPY_PHASE_STRIP = NO;
				GCC_DYNAMIC_NO_PIC = NO;
				GCC_ENABLE_FIX_AND_CONTINUE = YES;
				GCC_MODEL_TUNING = G5;
				GCC_OPTIMIZATION_LEVEL = 0;
				GCC_PRECOMPILE_PREFIX_HEADER = YES;
				GCC_PREFIX_HEADER = src/Timelapser_Prefix.pch;
				INFOPLIST_FILE = "Timelapser-Info.plist";
				INSTALL_PATH = "$(HOME)/Applications";
				PRODUCT_NAME = Timelapser;
			};
			name = Debug;
		};
		C01FCF4C08A954540054247B /* Release */ = {
			isa = XCBuildConfiguration;
			buildSettings = {
				ALWAYS_SEARCH_USER_PATHS = NO;
				DEBUG_INFORMATION_FORMAT = "dwarf-with-dsym";
				GCC_MODEL_TUNING = G5;
				GCC_PRECOMPILE_PREFIX_HEADER = YES;
				GCC_PREFIX_HEADER = src/Timelapser_Prefix.pch;
				INFOPLIST_FILE = "Timelapser-Info.plist";
				INSTALL_PATH = "$(HOME)/Applications";
				PRODUCT_NAME = Timelapser;
			};
			name = Release;
		};
		C01FCF4F08A954540054247B /* Debug */ = {
			isa = XCBuildConfiguration;
			buildSettings = {
				ARCHS = "$(ARCHS_STANDARD_32_64_BIT)";
				GCC_C_LANGUAGE_STANDARD = gnu99;
				GCC_OPTIMIZATION_LEVEL = 0;
				GCC_WARN_ABOUT_RETURN_TYPE = YES;
				GCC_WARN_UNUSED_VARIABLE = YES;
				ONLY_ACTIVE_ARCH = YES;
				PREBINDING = NO;
				SDKROOT = macosx10.6;
			};
			name = Debug;
		};
		C01FCF5008A954540054247B /* Release */ = {
			isa = XCBuildConfiguration;
			buildSettings = {
				ARCHS = "$(ARCHS_STANDARD_32_64_BIT)";
				GCC_C_LANGUAGE_STANDARD = gnu99;
				GCC_WARN_ABOUT_RETURN_TYPE = YES;
				GCC_WARN_UNUSED_VARIABLE = YES;
				PREBINDING = NO;
				SDKROOT = macosx10.6;
			};
			name = Release;
		};
/* End XCBuildConfiguration section */

/* Begin XCConfigurationList section */
		C01FCF4A08A954540054247B /* Build configuration list for PBXNativeTarget "Timelapser" */ = {
			isa = XCConfigurationList;
			buildConfigurations = (
				C01FCF4B08A954540054247B /* Debug */,
				C01FCF4C08A954540054247B /* Release */,
			);
			defaultConfigurationIsVisible = 0;
			defaultConfigurationName = Release;
		};
		C01FCF4E08A954540054247B /* Build configuration list for PBXProject "Timelapser" */ = {
			isa = XCConfigurationList;
			buildConfigurations = (
				C01FCF4F08A954540054247B /* Debug */,
				C01FCF5008A954540054247B /* Release */,
			);
			defaultConfigurationIsVisible = 0;
			defaultConfigurationName = Release;
		};
/* End XCConfigurationList section */
	};
	rootObject = 29B97313FDCFA39411CA2CEA /* Project object */;
}
